
Microsoft Visual Studio Solution File, Format Version 12.00
# Visual Studio 15
VisualStudioVersion = 15.0.28307.902
MinimumVisualStudioVersion = 10.0.40219.1
Project("{FAE04EC0-301F-11D3-BF4B-00C04F79EFBC}") = "GestionaleAPI", "GestionaleAPI\GestionaleAPI.csproj", "{E025C910-CCCE-4CA5-A670-00201441CA93}"
EndProject
Project("{FAE04EC0-301F-11D3-BF4B-00C04F79EFBC}") = "GestionaleLibrary", "GestionaleLibrary\GestionaleLibrary.csproj", "{B190EAC6-8D22-409D-A0F5-BE8D2E85545D}"
EndProject
Project("{2150E333-8FDC-42A3-9474-1A3956D46DE8}") = "SQL", "SQL", "{04C7F880-EE8B-439B-A4D0-2F6306E3DD8F}"
	ProjectSection(SolutionItems) = preProject
		DB.sql = DB.sql
	EndProjectSection
EndProject
Global
	GlobalSection(SolutionConfigurationPlatforms) = preSolution
		Debug|Any CPU = Debug|Any CPU
		Release|Any CPU = Release|Any CPU
	EndGlobalSection
	GlobalSection(ProjectConfigurationPlatforms) = postSolution
		{E025C910-CCCE-4CA5-A670-00201441CA93}.Debug|Any CPU.ActiveCfg = Debug|Any CPU
		{E025C910-CCCE-4CA5-A670-00201441CA93}.Debug|Any CPU.Build.0 = Debug|Any CPU
		{E025C910-CCCE-4CA5-A670-00201441CA93}.Release|Any CPU.ActiveCfg = Release|Any CPU
		{E025C910-CCCE-4CA5-A670-00201441CA93}.Release|Any CPU.Build.0 = Release|Any CPU
		{B190EAC6-8D22-409D-A0F5-BE8D2E85545D}.Debug|Any CPU.ActiveCfg = Debug|Any CPU
		{B190EAC6-8D22-409D-A0F5-BE8D2E85545D}.Debug|Any CPU.Build.0 = Debug|Any CPU
		{B190EAC6-8D22-409D-A0F5-BE8D2E85545D}.Release|Any CPU.ActiveCfg = Release|Any CPU
		{B190EAC6-8D22-409D-A0F5-BE8D2E85545D}.Release|Any CPU.Build.0 = Release|Any CPU
	EndGlobalSection
	GlobalSection(SolutionProperties) = preSolution
		HideSolutionNode = FALSE
	EndGlobalSection
	GlobalSection(ExtensibilityGlobals) = postSolution
		SolutionGuid = {1B791864-E6AF-4044-A848-C5C76B450165}
	EndGlobalSection
EndGlobal
